
Microsoft Visual Studio Solution File, Format Version 12.00
# Visual Studio Version 16
VisualStudioVersion = 16.0.29806.167
MinimumVisualStudioVersion = 10.0.40219.1
Project("{8BC9CEB8-8B4A-11D0-8D11-00A0C91BC942}") = "assignment2", "assignment2\assignment2.vcxproj", "{EE952A5A-8B46-4B4D-B879-DDD129C1852B}"
EndProject
Global
	GlobalSection(SolutionConfigurationPlatforms) = preSolution
		Debug|x64 = Debug|x64
		Debug|x86 = Debug|x86
		Release|x64 = Release|x64
		Release|x86 = Release|x86
	EndGlobalSection
	GlobalSection(ProjectConfigurationPlatforms) = postSolution
		{EE952A5A-8B46-4B4D-B879-DDD129C1852B}.Debug|x64.ActiveCfg = Debug|x64
		{EE952A5A-8B46-4B4D-B879-DDD129C1852B}.Debug|x64.Build.0 = Debug|x64
		{EE952A5A-8B46-4B4D-B879-DDD129C1852B}.Debug|x86.ActiveCfg = Debug|Win32
		{EE952A5A-8B46-4B4D-B879-DDD129C1852B}.Debug|x86.Build.0 = Debug|Win32
		{EE952A5A-8B46-4B4D-B879-DDD129C1852B}.Release|x64.ActiveCfg = Release|x64
		{EE952A5A-8B46-4B4D-B879-DDD129C1852B}.Release|x64.Build.0 = Release|x64
		{EE952A5A-8B46-4B4D-B879-DDD129C1852B}.Release|x86.ActiveCfg = Release|Win32
		{EE952A5A-8B46-4B4D-B879-DDD129C1852B}.Release|x86.Build.0 = Release|Win32
	EndGlobalSection
	GlobalSection(SolutionProperties) = preSolution
		HideSolutionNode = FALSE
	EndGlobalSection
	GlobalSection(ExtensibilityGlobals) = postSolution
		SolutionGuid = {2DF94FA0-7830-444D-B2FC-83D60546D829}
	EndGlobalSection
EndGlobal
